absl-py==2.3.1
accelerate==1.12.0
addict==2.4.0
aiofiles==24.1.0
aiohappyeyeballs==2.6.1
aiohttp==3.13.2
aiosignal==1.4.0
aistudio-sdk==0.3.8
albumentations==1.4.2
alembic==1.18.1
annotated-doc==0.0.4
annotated-types==0.7.0
anthropic==0.71.0
antlr4-python3-runtime==4.9.3
anyio==4.14.0
apache-tvm-ffi==0.1.9
astor==0.8.1
asttokens==3.0.1
async-timeout==5.0.1
attrs==26.1.0
audioread==3.1.0
av==17.0.0
babel==2.18.0
backports-datetime-fromisoformat==2.0.3
bce-python-sdk==0.9.71
beautifulsoup4==4.14.3
bitsandbytes==0.49.1
blake3==1.0.8
blinker==1.9.0
blis==1.3.3
boto3==1.42.27
botocore==1.42.27
braceexpand==0.1.7
brotli==1.2.0
cached_path==1.8.1
cachetools==7.0.5
catalogue==2.0.10
cbor2==5.8.0
certifi==2026.6.17
cffi==2.0.0
cfgv==3.5.0
chardet==7.4.3
charset-normalizer==3.4.7
chatterbox-tts==0.1.6
click==8.4.1
cloudpathlib==0.24.0
cloudpickle==3.1.2
cn2an==0.5.23
coloredlogs==15.0.1
colorlog==6.10.1
compressed-tensors==0.13.0
confection==1.3.3
conformer==0.3.2
contourpy==1.3.2
crc32c==2.8
cryptography==46.0.5
csvw==4.0.0
ctranslate2==4.7.2
cuda-bindings==13.3.1
cuda-pathfinder==1.5.5
cuda-python==13.2.0
cuda-toolkit==13.0.2
cupy-cuda12x==14.0.1
curated-tokenizers==0.0.9
curated-transformers==0.1.1
cycler==0.12.1
cymem==2.0.13
Cython==3.2.4
cytoolz==1.1.0
datasets==4.4.2
decorator==5.2.1
Deprecated==1.3.1
depyf==0.20.0
diffusers==0.29.0
dill==0.4.0
diskcache==5.6.3
distlib==0.4.0
distro==1.9.0
dlinfo==2.0.0
dnspython==2.8.0
docopt==0.6.2
docstring_parser==0.17.0
dyNET38==2.2
easyocr==1.7.2
editdistance==0.8.1
einops==0.8.2
einx==0.3.0
ema-pytorch==0.7.9
email-validator==2.3.0
encodec==0.1.1
espeakng-loader==0.2.4
exceptiongroup==1.3.1
executing==2.2.1
f5-tts==1.1.15
fastapi==0.137.2
fastapi-cli==0.0.24
fastapi-cloud-cli==0.15.0
fastar==0.8.0
faster-whisper==1.2.1
ffmpy==1.0.0
fiddle==0.3.0
filelock==3.29.4
flashinfer-python==0.5.3
Flask==3.1.3
flatbuffers==25.12.19
fonttools==4.61.1
frozendict==2.4.7
frozenlist==1.8.0
fsspec==2026.6.0
fugashi==1.5.2
future==1.0.0
gdown==6.0.0
gguf==0.18.0
gitdb==4.0.12
GitPython==3.1.46
google-api-core==2.29.0
google-auth==2.55.0
google-cloud-core==2.5.0
google-cloud-storage==3.8.0
google-crc32c==1.8.0
google-genai==2.9.0
google-resumable-media==2.8.0
googleapis-common-protos==1.72.0
gradio==6.17.3
gradio_client==2.5.0
graphviz==0.21
greenlet==3.3.0
groovy==0.1.2
groq==1.0.0
grpcio==1.78.0
grpcio-reflection==1.78.0
h11==0.16.0
hf-gradio==0.4.1
hf-xet==1.5.1
httpcore==1.0.9
httptools==0.7.1
httpx==0.28.1
httpx-sse==0.4.3
huggingface_hub==0.36.2
humanfriendly==10.0
hydra-core==1.3.2
identify==2.6.16
idna==3.18
ijson==3.5.0
ImageIO==2.37.3
imagesize==2.0.0
imgaug==0.4.0
importlib_metadata==8.7.1
indic_numtowords==1.1.0
inflect==7.5.0
interegular==0.3.3
intervaltree==3.2.1
ipython==8.38.0
isodate==0.7.2
itsdangerous==2.2.0
jaconv==0.5.0
jedi==0.19.2
jieba==0.42.1
Jinja2==3.1.6
jiter==0.13.0
jiwer==3.1.0
jmespath==1.0.1
joblib==1.5.3
jsonschema==4.26.0
jsonschema-specifications==2025.9.1
k2==1.24.4.dev20250208+cuda12.4.torch2.6.0
kaldi-python-io==1.2.2
kaldialign==0.9.1
kiwisolver==1.4.9
kokoro==0.9.4
kokoro-vietnamese-inference @ git+https://github.com/iamdinhthuan/Kokoro-Vietnamese.git@21896a45e6f7118f923a76ec3f716f9e913ca54f
language-tags==1.3.1
lark==1.2.2
LavaSR @ git+https://github.com/ysharma3501/LavaSR.git@2bad8f7e505e7cd590b0e21bf24c6a0b362bdfac
lazy_loader==0.4
Levenshtein==0.27.3
lhotse==1.31.1
libcst==1.8.6
librosa==0.11.0
lightning==2.4.0
lightning-utilities==0.15.2
lilcom==1.8.1
llguidance==1.3.0
llvmlite==0.44.0
lm-format-enforcer==0.11.3
lmdb==2.2.0
loguru==0.7.3
lxml==6.1.1
Mako==1.3.10
Markdown==3.10
markdown-it-py==4.2.0
MarkupSafe==3.0.3
marshmallow==4.2.0
matplotlib==3.10.8
matplotlib-inline==0.2.1
mcp==1.26.0
mdurl==0.1.2
mediapy==1.1.6
misaki==0.9.4
mistral_common==1.10.0
ml_dtypes==0.5.4
model-hosting-container-standards==0.1.14
modelscope==1.37.0
mojimoji==0.0.13
more-itertools==10.8.0
mpmath==1.3.0
msgpack==1.1.2
msgspec==0.20.0
multidict==6.7.0
multiprocess==0.70.18
murmurhash==1.0.15
nagisa==0.2.11
nemo-toolkit==2.6.1
networkx==3.4.2
ninja==1.13.0
nnaudio==0.3.4
nodeenv==1.10.0
num2words==0.5.14
numba==0.61.2
numba-cuda==0.15.1
numexpr==2.13.1
numpy==2.2.6
nv-one-logger-core==2.3.1
nv-one-logger-pytorch-lightning-integration==2.3.1
nv-one-logger-training-telemetry==2.3.1
nvidia-cublas==13.1.1.3
nvidia-cublas-cu12==12.4.5.8
nvidia-cuda-cupti==13.0.85
nvidia-cuda-cupti-cu12==12.4.127
nvidia-cuda-nvrtc==13.0.88
nvidia-cuda-nvrtc-cu12==12.4.127
nvidia-cuda-runtime==13.0.96
nvidia-cuda-runtime-cu12==12.4.127
nvidia-cudnn-cu12==9.1.0.70
nvidia-cudnn-cu13==9.20.0.48
nvidia-cudnn-frontend==1.20.0
nvidia-cufft==12.0.0.61
nvidia-cufft-cu12==11.2.1.3
nvidia-cufile==1.15.1.6
nvidia-cufile-cu12==1.11.1.6
nvidia-curand==10.4.0.35
nvidia-curand-cu12==10.3.5.147
nvidia-cusolver==12.0.4.66
nvidia-cusolver-cu12==11.6.1.9
nvidia-cusparse==12.6.3.3
nvidia-cusparse-cu12==12.3.1.170
nvidia-cusparselt-cu12==0.6.2
nvidia-cusparselt-cu13==0.8.1
nvidia-cutlass-dsl==4.4.2
nvidia-cutlass-dsl-libs-base==4.4.2
nvidia-ml-py==13.580.82
nvidia-nccl-cu12==2.21.5
nvidia-nccl-cu13==2.29.7
nvidia-nvjitlink==13.0.88
nvidia-nvjitlink-cu12==12.4.127
nvidia-nvshmem-cu12==3.3.20
nvidia-nvshmem-cu13==3.4.5
nvidia-nvtx==13.0.85
nvidia-nvtx-cu12==12.4.127
nvitop==1.6.1
omegaconf==2.3.0
onnx==1.20.1
onnxruntime==1.19.2
openai==2.29.0
openai-harmony==0.0.8
openai-whisper==20250625
opencv-contrib-python==4.10.0.84
opencv-python==4.11.0.86
opencv-python-headless==4.11.0.86
opt-einsum==3.3.0
optuna==4.6.0
orjson==3.11.9
outlines_core==0.2.11
overrides==7.7.0
packaging==26.2
paddleocr==3.5.0
paddlepaddle==3.3.1
paddlex==3.5.2
pandas==2.3.3
parso==0.8.5
partial-json-parser==0.2.1.1.post7
pedalboard==0.9.22
peft==0.18.1
perth==1.0.0
pesq==0.0.4
pexpect==4.9.0
phocr==1.0.3
phonemizer-fork==3.3.2
pillow==12.2.0
piper_phonemize==1.3.0
plac==1.4.5
platformdirs==4.5.1
pooch==1.8.2
praatio==6.2.2
pre_commit==4.5.1
prefetch_generator==1.0.1
preshed==3.0.13
prettytable==3.17.0
proces==0.1.7
prometheus-fastapi-instrumentator==7.1.0
prometheus_client==0.24.1
prompt_toolkit==3.0.52
propcache==0.4.1
proto-plus==1.27.0
protobuf==6.33.6
psutil==7.2.0
ptyprocess==0.7.0
pure_eval==0.2.3
py-cpuinfo==9.0.0
pyannote-core==6.0.1
pyannote-database==6.1.1
pyannote-metrics==4.0.0
pyarrow==22.0.0
pyasn1==0.6.1
pyasn1_modules==0.4.2
pybase64==1.4.3
pyclipper==1.4.0
pycountry==26.2.16
pycparser==3.0
pycryptodome==3.23.0
pydantic==2.13.4
pydantic-extra-types==2.11.1
pydantic-settings==2.13.1
pydantic_core==2.46.4
pydub==0.25.1
Pygments==2.20.0
PyJWT==2.12.1
pykakasi==2.3.0
pyloudnorm==0.2.0
pyopenjtalk==0.4.1
pyparsing==3.3.1
pypdfium2==5.8.0
pypinyin==0.55.0
PySocks==1.7.1
pysptk==1.0.1
pystoi==0.4.1
pythainlp==5.2.0
python-bidi==0.6.10
python-crfsuite==0.9.12
python-dateutil==2.9.0.post0
python-docx==1.2.0
python-dotenv==1.2.2
python-json-logger==4.0.0
python-multipart==0.0.32
pytorch-lightning==2.6.0
pytz==2026.2
pyworld==0.3.5
PyYAML==6.0.3
pyzmq==27.1.0
qwen-omni-utils==0.0.9
RapidFuzz==3.14.3
ray==2.54.0
rdflib==7.6.0
referencing==0.37.0
regex==2026.5.9
reportlab==5.0.0
requests==2.34.2
resampy==0.4.3
resemble-perth==1.0.1
rfc3986==1.5.0
rich==15.0.0
rich-toolkit==0.19.7
rignore==0.7.6
rjieba==0.1.13
rpds-py==0.30.0
rsa==4.9.1
ruamel.yaml==0.19.1
ruff==0.15.1
s3tokenizer==0.3.0
s3transfer==0.16.0
sacremoses==0.1.1
safehttpx==0.1.7
safetensors==0.8.0
scikit-image==0.25.2
scikit-learn==1.7.2
scipy==1.15.3
sea-g2p==0.7.6
segments==2.4.0
semantic-version==2.10.0
sentencepiece==0.2.1
sentry-sdk==2.49.0
setproctitle==1.3.7
shapely==2.1.2
shellingham==1.5.4
sherpa-onnx-core==1.12.23
sherpa_onnx==1.12.23
six==1.17.0
sklearn-crfsuite==0.5.0
smart_open==7.6.1
smmap==5.0.2
sniffio==1.3.1
soe-vinorm==0.3.2
sortedcontainers==2.4.0
soundfile==0.14.0
soupsieve==2.8.3
sox==1.5.0
soxr==1.0.0
soynlp==0.0.493
spacy==3.8.14
spacy-curated-transformers==0.3.1
spacy-legacy==3.0.12
spacy-loggers==1.0.5
spacy_pkuseg==1.0.1
speechmos==0.0.1.1
SQLAlchemy==2.0.45
srsly==2.5.3
sse-starlette==3.3.3
stack-data==0.6.3
starlette==1.3.1
StrEnum==0.4.15
supervisor==4.3.0
sympy==1.13.1
tabulate==0.9.0
tenacity==9.1.4
tensorboard==2.20.0
tensorboard-data-server==0.7.2
termcolor==3.3.0
text-unidecode==1.3
thinc==8.3.13
threadpoolctl==3.6.0
tifffile==2025.5.10
tiktoken==0.12.0
timm==1.0.22
tokenizers==0.22.2
toml==0.10.2
tomli==2.4.0
tomlkit==0.14.0
toolz==1.1.0
torch==2.6.0+cu124
torchaudio==2.6.0+cu124
torchcodec==0.9.1+cu126
torchdiffeq==0.2.5
torchmetrics==1.8.2
torchvision==0.21.0+cu124
tqdm==4.68.3
traitlets==5.14.3
transformers==4.57.6
transformers-stream-generator==0.0.5
triton==3.2.0
typeguard==4.4.4
typer==0.26.7
typer-slim==0.21.0
typing-inspection==0.4.2
typing_extensions==4.15.0
tzdata==2026.2
ujson==5.12.1
Unidecode==1.4.0
unidic-lite==1.0.8
uritemplate==4.2.0
urllib3==2.7.0
uvicorn==0.49.0
uvloop==0.22.1
vi_cleaner @ git+https://github.com/CodeLinkIO/Vietnamese-text-normalization.git@4f7b9ea525de73b95838700abab33b68a96bfe85
vietnam_number==1.0.6
vietnormalizer-thuan==0.3.0
vietocr==0.3.13
vig2p==0.1.0
virtualenv==20.36.1
vllm==0.14.0
vocos==0.1.0
wandb==0.24.0
wasabi==0.10.1
watchfiles==1.1.1
wcwidth==0.2.14
weasel==1.0.0
webdataset==1.0.2
websockets==15.0.1
Werkzeug==3.1.4
wget==3.2
whisper_normalizer==0.1.12
wrapt==2.0.1
x-transformers==2.14.2
xgrammar==0.1.29
xxhash==3.6.0
yarl==1.22.0
zipp==3.23.0
